github.com/fortytw2/leaktest v1.2.0/go.mod h1:jDsjWgpAGjm2CA7WthBh/CdZYEPF31XHquHwclZch5g=
github.com/mailru/easyjson v0.0.0-20180730094502-03f2033d19d5 h1:0x4qcEHDpruK6ML/m/YSlFUUu0UpRD3I2PHsNCuGnyA=
github.com/mailru/easyjson v0.0.0-20180730094502-03f2033d19d5/go.mod h1:C1wdFJiN94OJF2b5HbByQZoLdCWB1Yqtg26g4irojpc=
github.com/olivere/elastic/v6 v6.2.0 h1:Lx99sjlACVa1CCvIhr/RIp54EY/clWfqcS20uRShDUI=
github.com/olivere/elastic/v6 v6.2.0/go.mod h1:DOp4kQW/638Ovp5XYVfBS3i0UsyZOu/xasFVPYZ+sjU=
github.com/opentracing/opentracing-go v1.0.2/go.mod h1:UkNAQd3GIcIGf0SeVgPpRdFStlNbqXla1AfSYxPUl2o=
github.com/pkg/errors v0.8.0 h1:WdK/asTD0HN+q6hsWO3/vpuAkAr+tw6aNJNDFFf0+qw=
github.com/pkg/errors v0.8.0/go.mod h1:bwawxfHBFNV+L2hUp1rHADufV3IMtnDRdf1r5NINEl0=
github.com/smartystreets/go-aws-auth v0.0.0-20180515143844-0c1422d1fdb9/go.mod h1:SnhjPscd9TpLiy1LpzGSKh3bXCfxxXuqd9xmQJy3slM=
golang.org/x/net v0.0.0-20180821023952-922f4815f713/go.mod h1:mL1N/T3taQHkDXs73rZJwtUhF3w3ftmwwsq0BUmARs4=
